// !$*UTF8*$!
{
	archiveVersion = 1;
	classes = {
	};
	objectVersion = 56;
	objects = {

/* Begin PBXBuildFile section */
		9F165D112B73728100484FA8 /* FontExtention.swift in Sources */ = {isa = PBXBuildFile; fileRef = 9F165D102B73728100484FA8 /* FontExtention.swift */; };
		9F7E35DF2B0F62730046E299 /* HttpUtility.swift in Sources */ = {isa = PBXBuildFile; fileRef = 9F7E35DE2B0F62730046E299 /* HttpUtility.swift */; };
		9F7E35E12B0F62E80046E299 /* ConstantsProject.swift in Sources */ = {isa = PBXBuildFile; fileRef = 9F7E35E02B0F62E80046E299 /* ConstantsProject.swift */; };
		9F7E35E32B0F63650046E299 /* ImageLoadingFromUrl.swift in Sources */ = {isa = PBXBuildFile; fileRef = 9F7E35E22B0F63650046E299 /* ImageLoadingFromUrl.swift */; };
		9F871FAD2B203E3900F5616B /* httpUtilityProject.swift in Sources */ = {isa = PBXBuildFile; fileRef = 9F871FAC2B203E3900F5616B /* httpUtilityProject.swift */; };
		9F871FAF2B203E8100F5616B /* RequestToken.swift in Sources */ = {isa = PBXBuildFile; fileRef = 9F871FAE2B203E8100F5616B /* RequestToken.swift */; };
		9F871FB12B203F1C00F5616B /* LoginModel.swift in Sources */ = {isa = PBXBuildFile; fileRef = 9F871FB02B203F1C00F5616B /* LoginModel.swift */; };
		9F871FB32B203F7A00F5616B /* StaffName.swift in Sources */ = {isa = PBXBuildFile; fileRef = 9F871FB22B203F7A00F5616B /* StaffName.swift */; };
		9F8A00E62AE8DD30000FB2D3 /* Assignments_POCApp.swift in Sources */ = {isa = PBXBuildFile; fileRef = 9F8A00E52AE8DD30000FB2D3 /* Assignments_POCApp.swift */; };
		9F8A00E82AE8DD30000FB2D3 /* AssignmentRubricsView.swift in Sources */ = {isa = PBXBuildFile; fileRef = 9F8A00E72AE8DD30000FB2D3 /* AssignmentRubricsView.swift */; };
		9F8A00EA2AE8DD33000FB2D3 /* Assets.xcassets in Resources */ = {isa = PBXBuildFile; fileRef = 9F8A00E92AE8DD33000FB2D3 /* Assets.xcassets */; };
		9F8A00ED2AE8DD33000FB2D3 /* Preview Assets.xcassets in Resources */ = {isa = PBXBuildFile; fileRef = 9F8A00EC2AE8DD33000FB2D3 /* Preview Assets.xcassets */; };
		9F8A00F72AE8DD33000FB2D3 /* Assignments_POCTests.swift in Sources */ = {isa = PBXBuildFile; fileRef = 9F8A00F62AE8DD33000FB2D3 /* Assignments_POCTests.swift */; };
		9F8A01012AE8DD33000FB2D3 /* Assignments_POCUITests.swift in Sources */ = {isa = PBXBuildFile; fileRef = 9F8A01002AE8DD33000FB2D3 /* Assignments_POCUITests.swift */; };
		9F8A01032AE8DD33000FB2D3 /* Assignments_POCUITestsLaunchTests.swift in Sources */ = {isa = PBXBuildFile; fileRef = 9F8A01022AE8DD33000FB2D3 /* Assignments_POCUITestsLaunchTests.swift */; };
		9F8A01102AE93D15000FB2D3 /* ViewingCommentsModel.swift in Sources */ = {isa = PBXBuildFile; fileRef = 9F8A010F2AE93D15000FB2D3 /* ViewingCommentsModel.swift */; };
		9F8A01122AE93DA0000FB2D3 /* ViewingCommentsVM.swift in Sources */ = {isa = PBXBuildFile; fileRef = 9F8A01112AE93DA0000FB2D3 /* ViewingCommentsVM.swift */; };
		9F8C7FCE2AEA7EA9008279E8 /* SubmittedPopUp.swift in Sources */ = {isa = PBXBuildFile; fileRef = 9F8C7FCD2AEA7EA9008279E8 /* SubmittedPopUp.swift */; };
		9F8C7FD02AEA9262008279E8 /* MovedDraftPopUp.swift in Sources */ = {isa = PBXBuildFile; fileRef = 9F8C7FCF2AEA9262008279E8 /* MovedDraftPopUp.swift */; };
		9F8D21B22AFCA8D00065CC5A /* DocumentLoaderVC.swift in Sources */ = {isa = PBXBuildFile; fileRef = 9F8D21B12AFCA8D00065CC5A /* DocumentLoaderVC.swift */; };
		9F8D770B2AF4E1BB009434EE /* AudioRecordingClass.swift in Sources */ = {isa = PBXBuildFile; fileRef = 9F8D770A2AF4E1BB009434EE /* AudioRecordingClass.swift */; };
		9F8DB7B02AF8B7CC00884D08 /* VideoRecordVC.swift in Sources */ = {isa = PBXBuildFile; fileRef = 9F8DB7AF2AF8B7CC00884D08 /* VideoRecordVC.swift */; };
		9F8E1EDB2B048B8A0078EC9C /* ImageWithText.swift in Sources */ = {isa = PBXBuildFile; fileRef = 9F8E1EDA2B048B8A0078EC9C /* ImageWithText.swift */; };
		9F8E1EDD2B048BD20078EC9C /* Constants.swift in Sources */ = {isa = PBXBuildFile; fileRef = 9F8E1EDC2B048BD20078EC9C /* Constants.swift */; };
		9F8E1EDF2B048CFB0078EC9C /* Request.swift in Sources */ = {isa = PBXBuildFile; fileRef = 9F8E1EDE2B048CFB0078EC9C /* Request.swift */; };
		9F8E1EE12B04A6110078EC9C /* AudioRecordAlter.swift in Sources */ = {isa = PBXBuildFile; fileRef = 9F8E1EE02B04A6110078EC9C /* AudioRecordAlter.swift */; };
		9F9DA03A2AF9FCC60074ABBD /* ActivityIndicator.swift in Sources */ = {isa = PBXBuildFile; fileRef = 9F9DA0392AF9FCC60074ABBD /* ActivityIndicator.swift */; };
		9FA693C82AEF7F2600232DFB /* AcademicYearBottomSheet.swift in Sources */ = {isa = PBXBuildFile; fileRef = 9FA693C72AEF7F2600232DFB /* AcademicYearBottomSheet.swift */; };
		9FA693CA2AEF937600232DFB /* CourseBottomSheet.swift in Sources */ = {isa = PBXBuildFile; fileRef = 9FA693C92AEF937600232DFB /* CourseBottomSheet.swift */; };
		9FA693CC2AEFDDA000232DFB /* ViewingComments.swift in Sources */ = {isa = PBXBuildFile; fileRef = 9FA693CB2AEFDDA000232DFB /* ViewingComments.swift */; };
		9FA7036D2AF3AA1400C648FA /* AudioPlaySliderView.swift in Sources */ = {isa = PBXBuildFile; fileRef = 9FA7036C2AF3AA1400C648FA /* AudioPlaySliderView.swift */; };
		9FA703702AF3D65000C648FA /* AvAudioProject.swift in Sources */ = {isa = PBXBuildFile; fileRef = 9FA7036F2AF3D65000C648FA /* AvAudioProject.swift */; };
		9FA7514B2AEB7FE800C4E859 /* AssignmentInstructionPopUp.swift in Sources */ = {isa = PBXBuildFile; fileRef = 9FA7514A2AEB7FE800C4E859 /* AssignmentInstructionPopUp.swift */; };
		9FA7514D2AEB9CBA00C4E859 /* GradeViewDetailsPopUp.swift in Sources */ = {isa = PBXBuildFile; fileRef = 9FA7514C2AEB9CBA00C4E859 /* GradeViewDetailsPopUp.swift */; };
		9FA897172B0347B8007BFA5C /* TimeDateClass.swift in Sources */ = {isa = PBXBuildFile; fileRef = 9FA897162B0347B8007BFA5C /* TimeDateClass.swift */; };
		9FBC31BE2AF23A0D001E4D27 /* AudioSliderStyleView.swift in Sources */ = {isa = PBXBuildFile; fileRef = 9FBC31BD2AF23A0D001E4D27 /* AudioSliderStyleView.swift */; };
		9FE983182B3D430600ADE5B9 /* VideoImagePreviewView.swift in Sources */ = {isa = PBXBuildFile; fileRef = 9FE983172B3D430600ADE5B9 /* VideoImagePreviewView.swift */; };
/* End PBXBuildFile section */

/* Begin PBXContainerItemProxy section */
		9F8A00F32AE8DD33000FB2D3 /* PBXContainerItemProxy */ = {
			isa = PBXContainerItemProxy;
			containerPortal = 9F8A00DA2AE8DD30000FB2D3 /* Project object */;
			proxyType = 1;
			remoteGlobalIDString = 9F8A00E12AE8DD30000FB2D3;
			remoteInfo = Assignments_POC;
		};
		9F8A00FD2AE8DD33000FB2D3 /* PBXContainerItemProxy */ = {
			isa = PBXContainerItemProxy;
			containerPortal = 9F8A00DA2AE8DD30000FB2D3 /* Project object */;
			proxyType = 1;
			remoteGlobalIDString = 9F8A00E12AE8DD30000FB2D3;
			remoteInfo = Assignments_POC;
		};
/* End PBXContainerItemProxy section */

/* Begin PBXFileReference section */
		9F165D102B73728100484FA8 /* FontExtention.swift */ = {isa = PBXFileReference; lastKnownFileType = sourcecode.swift; path = FontExtention.swift; sourceTree = "<group>"; };
		9F7E35DE2B0F62730046E299 /* HttpUtility.swift */ = {isa = PBXFileReference; lastKnownFileType = sourcecode.swift; path = HttpUtility.swift; sourceTree = "<group>"; };
		9F7E35E02B0F62E80046E299 /* ConstantsProject.swift */ = {isa = PBXFileReference; lastKnownFileType = sourcecode.swift; path = ConstantsProject.swift; sourceTree = "<group>"; };
		9F7E35E22B0F63650046E299 /* ImageLoadingFromUrl.swift */ = {isa = PBXFileReference; lastKnownFileType = sourcecode.swift; path = ImageLoadingFromUrl.swift; sourceTree = "<group>"; };
		9F871FAC2B203E3900F5616B /* httpUtilityProject.swift */ = {isa = PBXFileReference; lastKnownFileType = sourcecode.swift; path = httpUtilityProject.swift; sourceTree = "<group>"; };
		9F871FAE2B203E8100F5616B /* RequestToken.swift */ = {isa = PBXFileReference; lastKnownFileType = sourcecode.swift; path = RequestToken.swift; sourceTree = "<group>"; };
		9F871FB02B203F1C00F5616B /* LoginModel.swift */ = {isa = PBXFileReference; lastKnownFileType = sourcecode.swift; path = LoginModel.swift; sourceTree = "<group>"; };
		9F871FB22B203F7A00F5616B /* StaffName.swift */ = {isa = PBXFileReference; lastKnownFileType = sourcecode.swift; path = StaffName.swift; sourceTree = "<group>"; };
		9F8A00E22AE8DD30000FB2D3 /* Assignments_POC.app */ = {isa = PBXFileReference; explicitFileType = wrapper.application; includeInIndex = 0; path = Assignments_POC.app; sourceTree = BUILT_PRODUCTS_DIR; };
		9F8A00E52AE8DD30000FB2D3 /* Assignments_POCApp.swift */ = {isa = PBXFileReference; lastKnownFileType = sourcecode.swift; path = Assignments_POCApp.swift; sourceTree = "<group>"; };
		9F8A00E72AE8DD30000FB2D3 /* AssignmentRubricsView.swift */ = {isa = PBXFileReference; lastKnownFileType = sourcecode.swift; path = AssignmentRubricsView.swift; sourceTree = "<group>"; };
		9F8A00E92AE8DD33000FB2D3 /* Assets.xcassets */ = {isa = PBXFileReference; lastKnownFileType = folder.assetcatalog; path = Assets.xcassets; sourceTree = "<group>"; };
		9F8A00EC2AE8DD33000FB2D3 /* Preview Assets.xcassets */ = {isa = PBXFileReference; lastKnownFileType = folder.assetcatalog; path = "Preview Assets.xcassets"; sourceTree = "<group>"; };
		9F8A00F22AE8DD33000FB2D3 /* Assignments_POCTests.xctest */ = {isa = PBXFileReference; explicitFileType = wrapper.cfbundle; includeInIndex = 0; path = Assignments_POCTests.xctest; sourceTree = BUILT_PRODUCTS_DIR; };
		9F8A00F62AE8DD33000FB2D3 /* Assignments_POCTests.swift */ = {isa = PBXFileReference; lastKnownFileType = sourcecode.swift; path = Assignments_POCTests.swift; sourceTree = "<group>"; };
		9F8A00FC2AE8DD33000FB2D3 /* Assignments_POCUITests.xctest */ = {isa = PBXFileReference; explicitFileType = wrapper.cfbundle; includeInIndex = 0; path = Assignments_POCUITests.xctest; sourceTree = BUILT_PRODUCTS_DIR; };
		9F8A01002AE8DD33000FB2D3 /* Assignments_POCUITests.swift */ = {isa = PBXFileReference; lastKnownFileType = sourcecode.swift; path = Assignments_POCUITests.swift; sourceTree = "<group>"; };
		9F8A01022AE8DD33000FB2D3 /* Assignments_POCUITestsLaunchTests.swift */ = {isa = PBXFileReference; lastKnownFileType = sourcecode.swift; path = Assignments_POCUITestsLaunchTests.swift; sourceTree = "<group>"; };
		9F8A010F2AE93D15000FB2D3 /* ViewingCommentsModel.swift */ = {isa = PBXFileReference; lastKnownFileType = sourcecode.swift; path = ViewingCommentsModel.swift; sourceTree = "<group>"; };
		9F8A01112AE93DA0000FB2D3 /* ViewingCommentsVM.swift */ = {isa = PBXFileReference; lastKnownFileType = sourcecode.swift; path = ViewingCommentsVM.swift; sourceTree = "<group>"; };
		9F8C7FCD2AEA7EA9008279E8 /* SubmittedPopUp.swift */ = {isa = PBXFileReference; lastKnownFileType = sourcecode.swift; path = SubmittedPopUp.swift; sourceTree = "<group>"; };
		9F8C7FCF2AEA9262008279E8 /* MovedDraftPopUp.swift */ = {isa = PBXFileReference; lastKnownFileType = sourcecode.swift; path = MovedDraftPopUp.swift; sourceTree = "<group>"; };
		9F8D21B12AFCA8D00065CC5A /* DocumentLoaderVC.swift */ = {isa = PBXFileReference; lastKnownFileType = sourcecode.swift; path = DocumentLoaderVC.swift; sourceTree = "<group>"; };
		9F8D770A2AF4E1BB009434EE /* AudioRecordingClass.swift */ = {isa = PBXFileReference; lastKnownFileType = sourcecode.swift; path = AudioRecordingClass.swift; sourceTree = "<group>"; };
		9F8DB7AF2AF8B7CC00884D08 /* VideoRecordVC.swift */ = {isa = PBXFileReference; lastKnownFileType = sourcecode.swift; path = VideoRecordVC.swift; sourceTree = "<group>"; };
		9F8E1EDA2B048B8A0078EC9C /* ImageWithText.swift */ = {isa = PBXFileReference; lastKnownFileType = sourcecode.swift; path = ImageWithText.swift; sourceTree = "<group>"; };
		9F8E1EDC2B048BD20078EC9C /* Constants.swift */ = {isa = PBXFileReference; lastKnownFileType = sourcecode.swift; path = Constants.swift; sourceTree = "<group>"; };
		9F8E1EDE2B048CFB0078EC9C /* Request.swift */ = {isa = PBXFileReference; lastKnownFileType = sourcecode.swift; path = Request.swift; sourceTree = "<group>"; };
		9F8E1EE02B04A6110078EC9C /* AudioRecordAlter.swift */ = {isa = PBXFileReference; lastKnownFileType = sourcecode.swift; path = AudioRecordAlter.swift; sourceTree = "<group>"; };
		9F9DA0392AF9FCC60074ABBD /* ActivityIndicator.swift */ = {isa = PBXFileReference; lastKnownFileType = sourcecode.swift; path = ActivityIndicator.swift; sourceTree = "<group>"; };
		9FA693C72AEF7F2600232DFB /* AcademicYearBottomSheet.swift */ = {isa = PBXFileReference; lastKnownFileType = sourcecode.swift; path = AcademicYearBottomSheet.swift; sourceTree = "<group>"; };
		9FA693C92AEF937600232DFB /* CourseBottomSheet.swift */ = {isa = PBXFileReference; lastKnownFileType = sourcecode.swift; path = CourseBottomSheet.swift; sourceTree = "<group>"; };
		9FA693CB2AEFDDA000232DFB /* ViewingComments.swift */ = {isa = PBXFileReference; lastKnownFileType = sourcecode.swift; path = ViewingComments.swift; sourceTree = "<group>"; };
		9FA7036C2AF3AA1400C648FA /* AudioPlaySliderView.swift */ = {isa = PBXFileReference; lastKnownFileType = sourcecode.swift; path = AudioPlaySliderView.swift; sourceTree = "<group>"; };
		9FA7036E2AF3C81C00C648FA /* Assignments-POC-Info.plist */ = {isa = PBXFileReference; lastKnownFileType = text.plist; path = "Assignments-POC-Info.plist"; sourceTree = SOURCE_ROOT; };
		9FA7036F2AF3D65000C648FA /* AvAudioProject.swift */ = {isa = PBXFileReference; lastKnownFileType = sourcecode.swift; path = AvAudioProject.swift; sourceTree = "<group>"; };
		9FA7514A2AEB7FE800C4E859 /* AssignmentInstructionPopUp.swift */ = {isa = PBXFileReference; lastKnownFileType = sourcecode.swift; path = AssignmentInstructionPopUp.swift; sourceTree = "<group>"; };
		9FA7514C2AEB9CBA00C4E859 /* GradeViewDetailsPopUp.swift */ = {isa = PBXFileReference; lastKnownFileType = sourcecode.swift; path = GradeViewDetailsPopUp.swift; sourceTree = "<group>"; };
		9FA897162B0347B8007BFA5C /* TimeDateClass.swift */ = {isa = PBXFileReference; lastKnownFileType = sourcecode.swift; path = TimeDateClass.swift; sourceTree = "<group>"; };
		9FBC31BD2AF23A0D001E4D27 /* AudioSliderStyleView.swift */ = {isa = PBXFileReference; lastKnownFileType = sourcecode.swift; path = AudioSliderStyleView.swift; sourceTree = "<group>"; };
		9FE983172B3D430600ADE5B9 /* VideoImagePreviewView.swift */ = {isa = PBXFileReference; lastKnownFileType = sourcecode.swift; path = VideoImagePreviewView.swift; sourceTree = "<group>"; };
/* End PBXFileReference section */

/* Begin PBXFrameworksBuildPhase section */
		9F8A00DF2AE8DD30000FB2D3 /* Frameworks */ = {
			isa = PBXFrameworksBuildPhase;
			buildActionMask = 2147483647;
			files = (
			);
			runOnlyForDeploymentPostprocessing = 0;
		};
		9F8A00EF2AE8DD33000FB2D3 /* Frameworks */ = {
			isa = PBXFrameworksBuildPhase;
			buildActionMask = 2147483647;
			files = (
			);
			runOnlyForDeploymentPostprocessing = 0;
		};
		9F8A00F92AE8DD33000FB2D3 /* Frameworks */ = {
			isa = PBXFrameworksBuildPhase;
			buildActionMask = 2147483647;
			files = (
			);
			runOnlyForDeploymentPostprocessing = 0;
		};
/* End PBXFrameworksBuildPhase section */

/* Begin PBXGroup section */
		9F89A4442AF0FF4A000BBD54 /* PopUpView */ = {
			isa = PBXGroup;
			children = (
				9F8C7FCD2AEA7EA9008279E8 /* SubmittedPopUp.swift */,
				9F8C7FCF2AEA9262008279E8 /* MovedDraftPopUp.swift */,
				9FA7514C2AEB9CBA00C4E859 /* GradeViewDetailsPopUp.swift */,
				9FA7514A2AEB7FE800C4E859 /* AssignmentInstructionPopUp.swift */,
			);
			path = PopUpView;
			sourceTree = "<group>";
		};
		9F8A00D92AE8DD30000FB2D3 = {
			isa = PBXGroup;
			children = (
				9F8A00E42AE8DD30000FB2D3 /* Assignments_POC */,
				9F8A00F52AE8DD33000FB2D3 /* Assignments_POCTests */,
				9F8A00FF2AE8DD33000FB2D3 /* Assignments_POCUITests */,
				9F8A00E32AE8DD30000FB2D3 /* Products */,
			);
			sourceTree = "<group>";
		};
		9F8A00E32AE8DD30000FB2D3 /* Products */ = {
			isa = PBXGroup;
			children = (
				9F8A00E22AE8DD30000FB2D3 /* Assignments_POC.app */,
				9F8A00F22AE8DD33000FB2D3 /* Assignments_POCTests.xctest */,
				9F8A00FC2AE8DD33000FB2D3 /* Assignments_POCUITests.xctest */,
			);
			name = Products;
			sourceTree = "<group>";
		};
		9F8A00E42AE8DD30000FB2D3 /* Assignments_POC */ = {
			isa = PBXGroup;
			children = (
				9FA7036E2AF3C81C00C648FA /* Assignments-POC-Info.plist */,
				9F8A00E52AE8DD30000FB2D3 /* Assignments_POCApp.swift */,
				9F8A00E72AE8DD30000FB2D3 /* AssignmentRubricsView.swift */,
				9FA693C72AEF7F2600232DFB /* AcademicYearBottomSheet.swift */,
				9F8AFA912B073EA8000433B8 /* ViewCommentsSeries */,
				9FA7036F2AF3D65000C648FA /* AvAudioProject.swift */,
				9F8D21B12AFCA8D00065CC5A /* DocumentLoaderVC.swift */,
				9F8DB7AF2AF8B7CC00884D08 /* VideoRecordVC.swift */,
				9F8E1EDA2B048B8A0078EC9C /* ImageWithText.swift */,
				9F8E1EDC2B048BD20078EC9C /* Constants.swift */,
				9F7E35E02B0F62E80046E299 /* ConstantsProject.swift */,
				9F871FB02B203F1C00F5616B /* LoginModel.swift */,
				9F871FB22B203F7A00F5616B /* StaffName.swift */,
				9F7E35E22B0F63650046E299 /* ImageLoadingFromUrl.swift */,
				9F8E1EDE2B048CFB0078EC9C /* Request.swift */,
				9F7E35DE2B0F62730046E299 /* HttpUtility.swift */,
				9F8E1EE02B04A6110078EC9C /* AudioRecordAlter.swift */,
				9FE983172B3D430600ADE5B9 /* VideoImagePreviewView.swift */,
				9FA897162B0347B8007BFA5C /* TimeDateClass.swift */,
				9F871FAE2B203E8100F5616B /* RequestToken.swift */,
				9F871FAC2B203E3900F5616B /* httpUtilityProject.swift */,
				9F9DA0392AF9FCC60074ABBD /* ActivityIndicator.swift */,
				9FBC31BD2AF23A0D001E4D27 /* AudioSliderStyleView.swift */,
				9F8D770A2AF4E1BB009434EE /* AudioRecordingClass.swift */,
				9FA7036C2AF3AA1400C648FA /* AudioPlaySliderView.swift */,
				9FA693C92AEF937600232DFB /* CourseBottomSheet.swift */,
				9F89A4442AF0FF4A000BBD54 /* PopUpView */,
				9F165D102B73728100484FA8 /* FontExtention.swift */,
				9F8A00E92AE8DD33000FB2D3 /* Assets.xcassets */,
				9F8A00EB2AE8DD33000FB2D3 /* Preview Content */,
			);
			path = Assignments_POC;
			sourceTree = "<group>";
		};
		9F8A00EB2AE8DD33000FB2D3 /* Preview Content */ = {
			isa = PBXGroup;
			children = (
				9F8A00EC2AE8DD33000FB2D3 /* Preview Assets.xcassets */,
			);
			path = "Preview Content";
			sourceTree = "<group>";
		};
		9F8A00F52AE8DD33000FB2D3 /* Assignments_POCTests */ = {
			isa = PBXGroup;
			children = (
				9F8A00F62AE8DD33000FB2D3 /* Assignments_POCTests.swift */,
			);
			path = Assignments_POCTests;
			sourceTree = "<group>";
		};
		9F8A00FF2AE8DD33000FB2D3 /* Assignments_POCUITests */ = {
			isa = PBXGroup;
			children = (
				9F8A01002AE8DD33000FB2D3 /* Assignments_POCUITests.swift */,
				9F8A01022AE8DD33000FB2D3 /* Assignments_POCUITestsLaunchTests.swift */,
			);
			path = Assignments_POCUITests;
			sourceTree = "<group>";
		};
		9F8AFA912B073EA8000433B8 /* ViewCommentsSeries */ = {
			isa = PBXGroup;
			children = (
				9FA693CB2AEFDDA000232DFB /* ViewingComments.swift */,
				9F8A01112AE93DA0000FB2D3 /* ViewingCommentsVM.swift */,
				9F8A010F2AE93D15000FB2D3 /* ViewingCommentsModel.swift */,
			);
			path = ViewCommentsSeries;
			sourceTree = "<group>";
		};
/* End PBXGroup section */

/* Begin PBXNativeTarget section */
		9F8A00E12AE8DD30000FB2D3 /* Assignments_POC */ = {
			isa = PBXNativeTarget;
			buildConfigurationList = 9F8A01062AE8DD33000FB2D3 /* Build configuration list for PBXNativeTarget "Assignments_POC" */;
			buildPhases = (
				9F8A00DE2AE8DD30000FB2D3 /* Sources */,
				9F8A00DF2AE8DD30000FB2D3 /* Frameworks */,
				9F8A00E02AE8DD30000FB2D3 /* Resources */,
			);
			buildRules = (
			);
			dependencies = (
			);
			name = Assignments_POC;
			productName = Assignments_POC;
			productReference = 9F8A00E22AE8DD30000FB2D3 /* Assignments_POC.app */;
			productType = "com.apple.product-type.application";
		};
		9F8A00F12AE8DD33000FB2D3 /* Assignments_POCTests */ = {
			isa = PBXNativeTarget;
			buildConfigurationList = 9F8A01092AE8DD33000FB2D3 /* Build configuration list for PBXNativeTarget "Assignments_POCTests" */;
			buildPhases = (
				9F8A00EE2AE8DD33000FB2D3 /* Sources */,
				9F8A00EF2AE8DD33000FB2D3 /* Frameworks */,
				9F8A00F02AE8DD33000FB2D3 /* Resources */,
			);
			buildRules = (
			);
			dependencies = (
				9F8A00F42AE8DD33000FB2D3 /* PBXTargetDependency */,
			);
			name = Assignments_POCTests;
			productName = Assignments_POCTests;
			productReference = 9F8A00F22AE8DD33000FB2D3 /* Assignments_POCTests.xctest */;
			productType = "com.apple.product-type.bundle.unit-test";
		};
		9F8A00FB2AE8DD33000FB2D3 /* Assignments_POCUITests */ = {
			isa = PBXNativeTarget;
			buildConfigurationList = 9F8A010C2AE8DD33000FB2D3 /* Build configuration list for PBXNativeTarget "Assignments_POCUITests" */;
			buildPhases = (
				9F8A00F82AE8DD33000FB2D3 /* Sources */,
				9F8A00F92AE8DD33000FB2D3 /* Frameworks */,
				9F8A00FA2AE8DD33000FB2D3 /* Resources */,
			);
			buildRules = (
			);
			dependencies = (
				9F8A00FE2AE8DD33000FB2D3 /* PBXTargetDependency */,
			);
			name = Assignments_POCUITests;
			productName = Assignments_POCUITests;
			productReference = 9F8A00FC2AE8DD33000FB2D3 /* Assignments_POCUITests.xctest */;
			productType = "com.apple.product-type.bundle.ui-testing";
		};
/* End PBXNativeTarget section */

/* Begin PBXProject section */
		9F8A00DA2AE8DD30000FB2D3 /* Project object */ = {
			isa = PBXProject;
			attributes = {
				BuildIndependentTargetsInParallel = 1;
				LastSwiftUpdateCheck = 1400;
				LastUpgradeCheck = 1400;
				TargetAttributes = {
					9F8A00E12AE8DD30000FB2D3 = {
						CreatedOnToolsVersion = 14.0;
					};
					9F8A00F12AE8DD33000FB2D3 = {
						CreatedOnToolsVersion = 14.0;
						TestTargetID = 9F8A00E12AE8DD30000FB2D3;
					};
					9F8A00FB2AE8DD33000FB2D3 = {
						CreatedOnToolsVersion = 14.0;
						TestTargetID = 9F8A00E12AE8DD30000FB2D3;
					};
				};
			};
			buildConfigurationList = 9F8A00DD2AE8DD30000FB2D3 /* Build configuration list for PBXProject "Assignments_POC" */;
			compatibilityVersion = "Xcode 14.0";
			developmentRegion = en;
			hasScannedForEncodings = 0;
			knownRegions = (
				en,
				Base,
			);
			mainGroup = 9F8A00D92AE8DD30000FB2D3;
			productRefGroup = 9F8A00E32AE8DD30000FB2D3 /* Products */;
			projectDirPath = "";
			projectRoot = "";
			targets = (
				9F8A00E12AE8DD30000FB2D3 /* Assignments_POC */,
				9F8A00F12AE8DD33000FB2D3 /* Assignments_POCTests */,
				9F8A00FB2AE8DD33000FB2D3 /* Assignments_POCUITests */,
			);
		};
/* End PBXProject section */

/* Begin PBXResourcesBuildPhase section */
		9F8A00E02AE8DD30000FB2D3 /* Resources */ = {
			isa = PBXResourcesBuildPhase;
			buildActionMask = 2147483647;
			files = (
				9F8A00ED2AE8DD33000FB2D3 /* Preview Assets.xcassets in Resources */,
				9F8A00EA2AE8DD33000FB2D3 /* Assets.xcassets in Resources */,
			);
			runOnlyForDeploymentPostprocessing = 0;
		};
		9F8A00F02AE8DD33000FB2D3 /* Resources */ = {
			isa = PBXResourcesBuildPhase;
			buildActionMask = 2147483647;
			files = (
			);
			runOnlyForDeploymentPostprocessing = 0;
		};
		9F8A00FA2AE8DD33000FB2D3 /* Resources */ = {
			isa = PBXResourcesBuildPhase;
			buildActionMask = 2147483647;
			files = (
			);
			runOnlyForDeploymentPostprocessing = 0;
		};
/* End PBXResourcesBuildPhase section */

/* Begin PBXSourcesBuildPhase section */
		9F8A00DE2AE8DD30000FB2D3 /* Sources */ = {
			isa = PBXSourcesBuildPhase;
			buildActionMask = 2147483647;
			files = (
				9F7E35DF2B0F62730046E299 /* HttpUtility.swift in Sources */,
				9FA7514D2AEB9CBA00C4E859 /* GradeViewDetailsPopUp.swift in Sources */,
				9F8E1EE12B04A6110078EC9C /* AudioRecordAlter.swift in Sources */,
				9F165D112B73728100484FA8 /* FontExtention.swift in Sources */,
				9F8E1EDD2B048BD20078EC9C /* Constants.swift in Sources */,
				9F8DB7B02AF8B7CC00884D08 /* VideoRecordVC.swift in Sources */,
				9FA7036D2AF3AA1400C648FA /* AudioPlaySliderView.swift in Sources */,
				9F871FAD2B203E3900F5616B /* httpUtilityProject.swift in Sources */,
				9F8E1EDB2B048B8A0078EC9C /* ImageWithText.swift in Sources */,
				9FA7514B2AEB7FE800C4E859 /* AssignmentInstructionPopUp.swift in Sources */,
				9FBC31BE2AF23A0D001E4D27 /* AudioSliderStyleView.swift in Sources */,
				9FA693C82AEF7F2600232DFB /* AcademicYearBottomSheet.swift in Sources */,
				9F8E1EDF2B048CFB0078EC9C /* Request.swift in Sources */,
				9F8D770B2AF4E1BB009434EE /* AudioRecordingClass.swift in Sources */,
				9FE983182B3D430600ADE5B9 /* VideoImagePreviewView.swift in Sources */,
				9F8C7FCE2AEA7EA9008279E8 /* SubmittedPopUp.swift in Sources */,
				9F8C7FD02AEA9262008279E8 /* MovedDraftPopUp.swift in Sources */,
				9F9DA03A2AF9FCC60074ABBD /* ActivityIndicator.swift in Sources */,
				9F8A00E82AE8DD30000FB2D3 /* AssignmentRubricsView.swift in Sources */,
				9F8A00E62AE8DD30000FB2D3 /* Assignments_POCApp.swift in Sources */,
				9FA703702AF3D65000C648FA /* AvAudioProject.swift in Sources */,
				9FA693CA2AEF937600232DFB /* CourseBottomSheet.swift in Sources */,
				9F7E35E32B0F63650046E299 /* ImageLoadingFromUrl.swift in Sources */,
				9F8A01102AE93D15000FB2D3 /* ViewingCommentsModel.swift in Sources */,
				9F8D21B22AFCA8D00065CC5A /* DocumentLoaderVC.swift in Sources */,
				9F871FB12B203F1C00F5616B /* LoginModel.swift in Sources */,
				9F871FAF2B203E8100F5616B /* RequestToken.swift in Sources */,
				9F8A01122AE93DA0000FB2D3 /* ViewingCommentsVM.swift in Sources */,
				9F7E35E12B0F62E80046E299 /* ConstantsProject.swift in Sources */,
				9F871FB32B203F7A00F5616B /* StaffName.swift in Sources */,
				9FA897172B0347B8007BFA5C /* TimeDateClass.swift in Sources */,
				9FA693CC2AEFDDA000232DFB /* ViewingComments.swift in Sources */,
			);
			runOnlyForDeploymentPostprocessing = 0;
		};
		9F8A00EE2AE8DD33000FB2D3 /* Sources */ = {
			isa = PBXSourcesBuildPhase;
			buildActionMask = 2147483647;
			files = (
				9F8A00F72AE8DD33000FB2D3 /* Assignments_POCTests.swift in Sources */,
			);
			runOnlyForDeploymentPostprocessing = 0;
		};
		9F8A00F82AE8DD33000FB2D3 /* Sources */ = {
			isa = PBXSourcesBuildPhase;
			buildActionMask = 2147483647;
			files = (
				9F8A01032AE8DD33000FB2D3 /* Assignments_POCUITestsLaunchTests.swift in Sources */,
				9F8A01012AE8DD33000FB2D3 /* Assignments_POCUITests.swift in Sources */,
			);
			runOnlyForDeploymentPostprocessing = 0;
		};
/* End PBXSourcesBuildPhase section */

/* Begin PBXTargetDependency section */
		9F8A00F42AE8DD33000FB2D3 /* PBXTargetDependency */ = {
			isa = PBXTargetDependency;
			target = 9F8A00E12AE8DD30000FB2D3 /* Assignments_POC */;
			targetProxy = 9F8A00F32AE8DD33000FB2D3 /* PBXContainerItemProxy */;
		};
		9F8A00FE2AE8DD33000FB2D3 /* PBXTargetDependency */ = {
			isa = PBXTargetDependency;
			target = 9F8A00E12AE8DD30000FB2D3 /* Assignments_POC */;
			targetProxy = 9F8A00FD2AE8DD33000FB2D3 /* PBXContainerItemProxy */;
		};
/* End PBXTargetDependency section */

/* Begin XCBuildConfiguration section */
		9F8A01042AE8DD33000FB2D3 /* Debug */ = {
			isa = XCBuildConfiguration;
			buildSettings = {
				ALWAYS_SEARCH_USER_PATHS = NO;
				CLANG_ANALYZER_NONNULL = YES;
				CLANG_ANALYZER_NUMBER_OBJECT_CONVERSION = YES_AGGRESSIVE;
				CLANG_CXX_LANGUAGE_STANDARD = "gnu++20";
				CLANG_ENABLE_MODULES = YES;
				CLANG_ENABLE_OBJC_ARC = YES;
				CLANG_ENABLE_OBJC_WEAK = YES;
				CLANG_WARN_BLOCK_CAPTURE_AUTORELEASING = YES;
				CLANG_WARN_BOOL_CONVERSION = YES;
				CLANG_WARN_COMMA = YES;
				CLANG_WARN_CONSTANT_CONVERSION = YES;
				CLANG_WARN_DEPRECATED_OBJC_IMPLEMENTATIONS = YES;
				CLANG_WARN_DIRECT_OBJC_ISA_USAGE = YES_ERROR;
				CLANG_WARN_DOCUMENTATION_COMMENTS = YES;
				CLANG_WARN_EMPTY_BODY = YES;
				CLANG_WARN_ENUM_CONVERSION = YES;
				CLANG_WARN_INFINITE_RECURSION = YES;
				CLANG_WARN_INT_CONVERSION = YES;
				CLANG_WARN_NON_LITERAL_NULL_CONVERSION = YES;
				CLANG_WARN_OBJC_IMPLICIT_RETAIN_SELF = YES;
				CLANG_WARN_OBJC_LITERAL_CONVERSION = YES;
				CLANG_WARN_OBJC_ROOT_CLASS = YES_ERROR;
				CLANG_WARN_QUOTED_INCLUDE_IN_FRAMEWORK_HEADER = YES;
				CLANG_WARN_RANGE_LOOP_ANALYSIS = YES;
				CLANG_WARN_STRICT_PROTOTYPES = YES;
				CLANG_WARN_SUSPICIOUS_MOVE = YES;
				CLANG_WARN_UNGUARDED_AVAILABILITY = YES_AGGRESSIVE;
				CLANG_WARN_UNREACHABLE_CODE = YES;
				CLANG_WARN__DUPLICATE_METHOD_MATCH = YES;
				COPY_PHASE_STRIP = NO;
				DEBUG_INFORMATION_FORMAT = dwarf;
				ENABLE_STRICT_OBJC_MSGSEND = YES;
				ENABLE_TESTABILITY = YES;
				GCC_C_LANGUAGE_STANDARD = gnu11;
				GCC_DYNAMIC_NO_PIC = NO;
				GCC_NO_COMMON_BLOCKS = YES;
				GCC_OPTIMIZATION_LEVEL = 0;
				GCC_PREPROCESSOR_DEFINITIONS = (
					"DEBUG=1",
					"$(inherited)",
				);
				GCC_WARN_64_TO_32_BIT_CONVERSION = YES;
				GCC_WARN_ABOUT_RETURN_TYPE = YES_ERROR;
				GCC_WARN_UNDECLARED_SELECTOR = YES;
				GCC_WARN_UNINITIALIZED_AUTOS = YES_AGGRESSIVE;
				GCC_WARN_UNUSED_FUNCTION = YES;
				GCC_WARN_UNUSED_VARIABLE = YES;
				IPHONEOS_DEPLOYMENT_TARGET = 14.0;
				MTL_ENABLE_DEBUG_INFO = INCLUDE_SOURCE;
				MTL_FAST_MATH = YES;
				ONLY_ACTIVE_ARCH = YES;
				SDKROOT = iphoneos;
				SWIFT_ACTIVE_COMPILATION_CONDITIONS = DEBUG;
				SWIFT_OPTIMIZATION_LEVEL = "-Onone";
			};
			name = Debug;
		};
		9F8A01052AE8DD33000FB2D3 /* Release */ = {
			isa = XCBuildConfiguration;
			buildSettings = {
				ALWAYS_SEARCH_USER_PATHS = NO;
				CLANG_ANALYZER_NONNULL = YES;
				CLANG_ANALYZER_NUMBER_OBJECT_CONVERSION = YES_AGGRESSIVE;
				CLANG_CXX_LANGUAGE_STANDARD = "gnu++20";
				CLANG_ENABLE_MODULES = YES;
				CLANG_ENABLE_OBJC_ARC = YES;
				CLANG_ENABLE_OBJC_WEAK = YES;
				CLANG_WARN_BLOCK_CAPTURE_AUTORELEASING = YES;
				CLANG_WARN_BOOL_CONVERSION = YES;
				CLANG_WARN_COMMA = YES;
				CLANG_WARN_CONSTANT_CONVERSION = YES;
				CLANG_WARN_DEPRECATED_OBJC_IMPLEMENTATIONS = YES;
				CLANG_WARN_DIRECT_OBJC_ISA_USAGE = YES_ERROR;
				CLANG_WARN_DOCUMENTATION_COMMENTS = YES;
				CLANG_WARN_EMPTY_BODY = YES;
				CLANG_WARN_ENUM_CONVERSION = YES;
				CLANG_WARN_INFINITE_RECURSION = YES;
				CLANG_WARN_INT_CONVERSION = YES;
				CLANG_WARN_NON_LITERAL_NULL_CONVERSION = YES;
				CLANG_WARN_OBJC_IMPLICIT_RETAIN_SELF = YES;
				CLANG_WARN_OBJC_LITERAL_CONVERSION = YES;
				CLANG_WARN_OBJC_ROOT_CLASS = YES_ERROR;
				CLANG_WARN_QUOTED_INCLUDE_IN_FRAMEWORK_HEADER = YES;
				CLANG_WARN_RANGE_LOOP_ANALYSIS = YES;
				CLANG_WARN_STRICT_PROTOTYPES = YES;
				CLANG_WARN_SUSPICIOUS_MOVE = YES;
				CLANG_WARN_UNGUARDED_AVAILABILITY = YES_AGGRESSIVE;
				CLANG_WARN_UNREACHABLE_CODE = YES;
				CLANG_WARN__DUPLICATE_METHOD_MATCH = YES;
				COPY_PHASE_STRIP = NO;
				DEBUG_INFORMATION_FORMAT = "dwarf-with-dsym";
				ENABLE_NS_ASSERTIONS = NO;
				ENABLE_STRICT_OBJC_MSGSEND = YES;
				GCC_C_LANGUAGE_STANDARD = gnu11;
				GCC_NO_COMMON_BLOCKS = YES;
				GCC_WARN_64_TO_32_BIT_CONVERSION = YES;
				GCC_WARN_ABOUT_RETURN_TYPE = YES_ERROR;
				GCC_WARN_UNDECLARED_SELECTOR = YES;
				GCC_WARN_UNINITIALIZED_AUTOS = YES_AGGRESSIVE;
				GCC_WARN_UNUSED_FUNCTION = YES;
				GCC_WARN_UNUSED_VARIABLE = YES;
				IPHONEOS_DEPLOYMENT_TARGET = 14.0;
				MTL_ENABLE_DEBUG_INFO = NO;
				MTL_FAST_MATH = YES;
				SDKROOT = iphoneos;
				SWIFT_COMPILATION_MODE = wholemodule;
				SWIFT_OPTIMIZATION_LEVEL = "-O";
				VALIDATE_PRODUCT = YES;
			};
			name = Release;
		};
		9F8A01072AE8DD33000FB2D3 /* Debug */ = {
			isa = XCBuildConfiguration;
			buildSettings = {
				ASSETCATALOG_COMPILER_APPICON_NAME = AppIcon;
				ASSETCATALOG_COMPILER_GLOBAL_ACCENT_COLOR_NAME = AccentColor;
				CODE_SIGN_STYLE = Automatic;
				CURRENT_PROJECT_VERSION = 1;
				DEVELOPMENT_ASSET_PATHS = "\"Assignments_POC/Preview Content\"";
				DEVELOPMENT_TEAM = SY4CHD2YQ6;
				ENABLE_PREVIEWS = YES;
				GENERATE_INFOPLIST_FILE = YES;
				INFOPLIST_FILE = "Assignments-POC-Info.plist";
				INFOPLIST_KEY_NSAppleMusicUsageDescription = "";
				INFOPLIST_KEY_NSCameraUsageDescription = "give Permission to use camera";
				INFOPLIST_KEY_NSMicrophoneUsageDescription = allow;
				INFOPLIST_KEY_NSPhotoLibraryAddUsageDescription = "";
				INFOPLIST_KEY_NSPhotoLibraryUsageDescription = "";
				INFOPLIST_KEY_UIApplicationSceneManifest_Generation = YES;
				INFOPLIST_KEY_UIApplicationSupportsIndirectInputEvents = YES;
				INFOPLIST_KEY_UILaunchScreen_Generation = YES;
				INFOPLIST_KEY_UISupportedInterfaceOrientations_iPad = "UIInterfaceOrientationPortrait UIInterfaceOrientationPortraitUpsideDown UIInterfaceOrientationLandscapeLeft UIInterfaceOrientationLandscapeRight";
				INFOPLIST_KEY_UISupportedInterfaceOrientations_iPhone = "UIInterfaceOrientationPortrait UIInterfaceOrientationLandscapeLeft UIInterfaceOrientationLandscapeRight";
				IPHONEOS_DEPLOYMENT_TARGET = 14.0;
				LD_RUNPATH_SEARCH_PATHS = (
					"$(inherited)",
					"@executable_path/Frameworks",
				);
				MARKETING_VERSION = 1.0;
				PRODUCT_BUNDLE_IDENTIFIER = "digival.Documents-page.Assignments-POC";
				PRODUCT_NAME = "$(TARGET_NAME)";
				SWIFT_EMIT_LOC_STRINGS = YES;
				SWIFT_VERSION = 5.0;
				TARGETED_DEVICE_FAMILY = "1,2";
			};
			name = Debug;
		};
		9F8A01082AE8DD33000FB2D3 /* Release */ = {
			isa = XCBuildConfiguration;
			buildSettings = {
				ASSETCATALOG_COMPILER_APPICON_NAME = AppIcon;
				ASSETCATALOG_COMPILER_GLOBAL_ACCENT_COLOR_NAME = AccentColor;
				CODE_SIGN_STYLE = Automatic;
				CURRENT_PROJECT_VERSION = 1;
				DEVELOPMENT_ASSET_PATHS = "\"Assignments_POC/Preview Content\"";
				DEVELOPMENT_TEAM = SY4CHD2YQ6;
				ENABLE_PREVIEWS = YES;
				GENERATE_INFOPLIST_FILE = YES;
				INFOPLIST_FILE = "Assignments-POC-Info.plist";
				INFOPLIST_KEY_NSAppleMusicUsageDescription = "";
				INFOPLIST_KEY_NSCameraUsageDescription = "give Permission to use camera";
				INFOPLIST_KEY_NSMicrophoneUsageDescription = allow;
				INFOPLIST_KEY_NSPhotoLibraryAddUsageDescription = "";
				INFOPLIST_KEY_NSPhotoLibraryUsageDescription = "";
				INFOPLIST_KEY_UIApplicationSceneManifest_Generation = YES;
				INFOPLIST_KEY_UIApplicationSupportsIndirectInputEvents = YES;
				INFOPLIST_KEY_UILaunchScreen_Generation = YES;
				INFOPLIST_KEY_UISupportedInterfaceOrientations_iPad = "UIInterfaceOrientationPortrait UIInterfaceOrientationPortraitUpsideDown UIInterfaceOrientationLandscapeLeft UIInterfaceOrientationLandscapeRight";
				INFOPLIST_KEY_UISupportedInterfaceOrientations_iPhone = "UIInterfaceOrientationPortrait UIInterfaceOrientationLandscapeLeft UIInterfaceOrientationLandscapeRight";
				IPHONEOS_DEPLOYMENT_TARGET = 14.0;
				LD_RUNPATH_SEARCH_PATHS = (
					"$(inherited)",
					"@executable_path/Frameworks",
				);
				MARKETING_VERSION = 1.0;
				PRODUCT_BUNDLE_IDENTIFIER = "digival.Documents-page.Assignments-POC";
				PRODUCT_NAME = "$(TARGET_NAME)";
				SWIFT_EMIT_LOC_STRINGS = YES;
				SWIFT_VERSION = 5.0;
				TARGETED_DEVICE_FAMILY = "1,2";
			};
			name = Release;
		};
		9F8A010A2AE8DD33000FB2D3 /* Debug */ = {
			isa = XCBuildConfiguration;
			buildSettings = {
				ALWAYS_EMBED_SWIFT_STANDARD_LIBRARIES = YES;
				BUNDLE_LOADER = "$(TEST_HOST)";
				CODE_SIGN_STYLE = Automatic;
				CURRENT_PROJECT_VERSION = 1;
				DEVELOPMENT_TEAM = SY4CHD2YQ6;
				GENERATE_INFOPLIST_FILE = YES;
				IPHONEOS_DEPLOYMENT_TARGET = 16.0;
				MARKETING_VERSION = 1.0;
				PRODUCT_BUNDLE_IDENTIFIER = "digival.Documents-page.Assignments-POCTests";
				PRODUCT_NAME = "$(TARGET_NAME)";
				SWIFT_EMIT_LOC_STRINGS = NO;
				SWIFT_VERSION = 5.0;
				TARGETED_DEVICE_FAMILY = "1,2";
				TEST_HOST = "$(BUILT_PRODUCTS_DIR)/Assignments_POC.app/$(BUNDLE_EXECUTABLE_FOLDER_PATH)/Assignments_POC";
			};
			name = Debug;
		};
		9F8A010B2AE8DD33000FB2D3 /* Release */ = {
			isa = XCBuildConfiguration;
			buildSettings = {
				ALWAYS_EMBED_SWIFT_STANDARD_LIBRARIES = YES;
				BUNDLE_LOADER = "$(TEST_HOST)";
				CODE_SIGN_STYLE = Automatic;
				CURRENT_PROJECT_VERSION = 1;
				DEVELOPMENT_TEAM = SY4CHD2YQ6;
				GENERATE_INFOPLIST_FILE = YES;
				IPHONEOS_DEPLOYMENT_TARGET = 16.0;
				MARKETING_VERSION = 1.0;
				PRODUCT_BUNDLE_IDENTIFIER = "digival.Documents-page.Assignments-POCTests";
				PRODUCT_NAME = "$(TARGET_NAME)";
				SWIFT_EMIT_LOC_STRINGS = NO;
				SWIFT_VERSION = 5.0;
				TARGETED_DEVICE_FAMILY = "1,2";
				TEST_HOST = "$(BUILT_PRODUCTS_DIR)/Assignments_POC.app/$(BUNDLE_EXECUTABLE_FOLDER_PATH)/Assignments_POC";
			};
			name = Release;
		};
		9F8A010D2AE8DD33000FB2D3 /* Debug */ = {
			isa = XCBuildConfiguration;
			buildSettings = {
				ALWAYS_EMBED_SWIFT_STANDARD_LIBRARIES = YES;
				CODE_SIGN_STYLE = Automatic;
				CURRENT_PROJECT_VERSION = 1;
				DEVELOPMENT_TEAM = SY4CHD2YQ6;
				GENERATE_INFOPLIST_FILE = YES;
				MARKETING_VERSION = 1.0;
				PRODUCT_BUNDLE_IDENTIFIER = "digival.Documents-page.Assignments-POCUITests";
				PRODUCT_NAME = "$(TARGET_NAME)";
				SWIFT_EMIT_LOC_STRINGS = NO;
				SWIFT_VERSION = 5.0;
				TARGETED_DEVICE_FAMILY = "1,2";
				TEST_TARGET_NAME = Assignments_POC;
			};
			name = Debug;
		};
		9F8A010E2AE8DD33000FB2D3 /* Release */ = {
			isa = XCBuildConfiguration;
			buildSettings = {
				ALWAYS_EMBED_SWIFT_STANDARD_LIBRARIES = YES;
				CODE_SIGN_STYLE = Automatic;
				CURRENT_PROJECT_VERSION = 1;
				DEVELOPMENT_TEAM = SY4CHD2YQ6;
				GENERATE_INFOPLIST_FILE = YES;
				MARKETING_VERSION = 1.0;
				PRODUCT_BUNDLE_IDENTIFIER = "digival.Documents-page.Assignments-POCUITests";
				PRODUCT_NAME = "$(TARGET_NAME)";
				SWIFT_EMIT_LOC_STRINGS = NO;
				SWIFT_VERSION = 5.0;
				TARGETED_DEVICE_FAMILY = "1,2";
				TEST_TARGET_NAME = Assignments_POC;
			};
			name = Release;
		};
/* End XCBuildConfiguration section */

/* Begin XCConfigurationList section */
		9F8A00DD2AE8DD30000FB2D3 /* Build configuration list for PBXProject "Assignments_POC" */ = {
			isa = XCConfigurationList;
			buildConfigurations = (
				9F8A01042AE8DD33000FB2D3 /* Debug */,
				9F8A01052AE8DD33000FB2D3 /* Release */,
			);
			defaultConfigurationIsVisible = 0;
			defaultConfigurationName = Release;
		};
		9F8A01062AE8DD33000FB2D3 /* Build configuration list for PBXNativeTarget "Assignments_POC" */ = {
			isa = XCConfigurationList;
			buildConfigurations = (
				9F8A01072AE8DD33000FB2D3 /* Debug */,
				9F8A01082AE8DD33000FB2D3 /* Release */,
			);
			defaultConfigurationIsVisible = 0;
			defaultConfigurationName = Release;
		};
		9F8A01092AE8DD33000FB2D3 /* Build configuration list for PBXNativeTarget "Assignments_POCTests" */ = {
			isa = XCConfigurationList;
			buildConfigurations = (
				9F8A010A2AE8DD33000FB2D3 /* Debug */,
				9F8A010B2AE8DD33000FB2D3 /* Release */,
			);
			defaultConfigurationIsVisible = 0;
			defaultConfigurationName = Release;
		};
		9F8A010C2AE8DD33000FB2D3 /* Build configuration list for PBXNativeTarget "Assignments_POCUITests" */ = {
			isa = XCConfigurationList;
			buildConfigurations = (
				9F8A010D2AE8DD33000FB2D3 /* Debug */,
				9F8A010E2AE8DD33000FB2D3 /* Release */,
			);
			defaultConfigurationIsVisible = 0;
			defaultConfigurationName = Release;
		};
/* End XCConfigurationList section */
	};
	rootObject = 9F8A00DA2AE8DD30000FB2D3 /* Project object */;
}
